
Microsoft Visual Studio Solution File, Format Version 12.00
# Visual Studio Version 17
VisualStudioVersion = 17.4.33213.308
MinimumVisualStudioVersion = 10.0.40219.1
Project("{FAE04EC0-301F-11D3-BF4B-00C04F79EFBC}") = "ProductApp", "ProductApp\ProductApp.csproj", "{DF550E93-5379-446A-B9A3-1D0092A262C9}"
EndProject
Global
	GlobalSection(SolutionConfigurationPlatforms) = preSolution
		Debug|Any CPU = Debug|Any CPU
		Release|Any CPU = Release|Any CPU
	EndGlobalSection
	GlobalSection(ProjectConfigurationPlatforms) = postSolution
		{DF550E93-5379-446A-B9A3-1D0092A262C9}.Debug|Any CPU.ActiveCfg = Debug|Any CPU
		{DF550E93-5379-446A-B9A3-1D0092A262C9}.Debug|Any CPU.Build.0 = Debug|Any CPU
		{DF550E93-5379-446A-B9A3-1D0092A262C9}.Release|Any CPU.ActiveCfg = Release|Any CPU
		{DF550E93-5379-446A-B9A3-1D0092A262C9}.Release|Any CPU.Build.0 = Release|Any CPU
	EndGlobalSection
	GlobalSection(SolutionProperties) = preSolution
		HideSolutionNode = FALSE
	EndGlobalSection
	GlobalSection(ExtensibilityGlobals) = postSolution
		SolutionGuid = {352BE180-9964-4A7A-8432-532E31E46F53}
	EndGlobalSection
EndGlobal
